
Microsoft Visual Studio Solution File, Format Version 12.00
# Visual Studio 15
VisualStudioVersion = 15.0.27428.2037
MinimumVisualStudioVersion = 10.0.40219.1
Project("{2150E333-8FDC-42A3-9474-1A3956D46DE8}") = "Engine", "Engine", "{6E33569D-AB72-471E-90F7-ACF1286B4796}"
EndProject
Project("{2150E333-8FDC-42A3-9474-1A3956D46DE8}") = "Games", "Games", "{EACA54DF-B434-4D1D-9238-3392EE09E838}"
EndProject
Project("{8BC9CEB8-8B4A-11D0-8D11-00A0C91BC942}") = "UE4", "Intermediate\ProjectFiles\UE4.vcxproj", "{0F66F41B-803F-4514-B750-2ADEF2A4BF0A}"
	ProjectSection(ProjectDependencies) = postProject
		{196FB92C-FB4A-4D55-B377-3E6CFC4A00EC} = {196FB92C-FB4A-4D55-B377-3E6CFC4A00EC}
	EndProjectSection
EndProject
Project("{8BC9CEB8-8B4A-11D0-8D11-00A0C91BC942}") = "BreakOut_Room0d1", "Intermediate\ProjectFiles\BreakOut_Room0d1.vcxproj", "{196FB92C-FB4A-4D55-B377-3E6CFC4A00EC}"
EndProject
Global
	GlobalSection(SolutionConfigurationPlatforms) = preSolution
		DebugGame Editor|HTML5 = DebugGame Editor|HTML5
		DebugGame Editor|Win32 = DebugGame Editor|Win32
		DebugGame Editor|Win64 = DebugGame Editor|Win64
		DebugGame|HTML5 = DebugGame|HTML5
		DebugGame|Win32 = DebugGame|Win32
		DebugGame|Win64 = DebugGame|Win64
		Development Editor|HTML5 = Development Editor|HTML5
		Development Editor|Win32 = Development Editor|Win32
		Development Editor|Win64 = Development Editor|Win64
		Development|HTML5 = Development|HTML5
		Development|Win32 = Development|Win32
		Development|Win64 = Development|Win64
		Shipping|HTML5 = Shipping|HTML5
		Shipping|Win32 = Shipping|Win32
		Shipping|Win64 = Shipping|Win64
	EndGlobalSection
	GlobalSection(ProjectConfigurationPlatforms) = postSolution
		{0F66F41B-803F-4514-B750-2ADEF2A4BF0A}.DebugGame Editor|HTML5.ActiveCfg = BuiltWithUnrealBuildTool|Win32
		{0F66F41B-803F-4514-B750-2ADEF2A4BF0A}.DebugGame Editor|HTML5.Build.0 = BuiltWithUnrealBuildTool|Win32
		{0F66F41B-803F-4514-B750-2ADEF2A4BF0A}.DebugGame Editor|Win32.ActiveCfg = BuiltWithUnrealBuildTool|Win32
		{0F66F41B-803F-4514-B750-2ADEF2A4BF0A}.DebugGame Editor|Win32.Build.0 = BuiltWithUnrealBuildTool|Win32
		{0F66F41B-803F-4514-B750-2ADEF2A4BF0A}.DebugGame Editor|Win64.ActiveCfg = BuiltWithUnrealBuildTool|Win32
		{0F66F41B-803F-4514-B750-2ADEF2A4BF0A}.DebugGame Editor|Win64.Build.0 = BuiltWithUnrealBuildTool|Win32
		{0F66F41B-803F-4514-B750-2ADEF2A4BF0A}.DebugGame|HTML5.ActiveCfg = BuiltWithUnrealBuildTool|Win32
		{0F66F41B-803F-4514-B750-2ADEF2A4BF0A}.DebugGame|HTML5.Build.0 = BuiltWithUnrealBuildTool|Win32
		{0F66F41B-803F-4514-B750-2ADEF2A4BF0A}.DebugGame|Win32.ActiveCfg = BuiltWithUnrealBuildTool|Win32
		{0F66F41B-803F-4514-B750-2ADEF2A4BF0A}.DebugGame|Win32.Build.0 = BuiltWithUnrealBuildTool|Win32
		{0F66F41B-803F-4514-B750-2ADEF2A4BF0A}.DebugGame|Win64.ActiveCfg = BuiltWithUnrealBuildTool|Win32
		{0F66F41B-803F-4514-B750-2ADEF2A4BF0A}.DebugGame|Win64.Build.0 = BuiltWithUnrealBuildTool|Win32
		{0F66F41B-803F-4514-B750-2ADEF2A4BF0A}.Development Editor|HTML5.ActiveCfg = BuiltWithUnrealBuildTool|Win32
		{0F66F41B-803F-4514-B750-2ADEF2A4BF0A}.Development Editor|HTML5.Build.0 = BuiltWithUnrealBuildTool|Win32
		{0F66F41B-803F-4514-B750-2ADEF2A4BF0A}.Development Editor|Win32.ActiveCfg = BuiltWithUnrealBuildTool|Win32
		{0F66F41B-803F-4514-B750-2ADEF2A4BF0A}.Development Editor|Win32.Build.0 = BuiltWithUnrealBuildTool|Win32
		{0F66F41B-803F-4514-B750-2ADEF2A4BF0A}.Development Editor|Win64.ActiveCfg = BuiltWithUnrealBuildTool|Win32
		{0F66F41B-803F-4514-B750-2ADEF2A4BF0A}.Development Editor|Win64.Build.0 = BuiltWithUnrealBuildTool|Win32
		{0F66F41B-803F-4514-B750-2ADEF2A4BF0A}.Development|HTML5.ActiveCfg = BuiltWithUnrealBuildTool|Win32
		{0F66F41B-803F-4514-B750-2ADEF2A4BF0A}.Development|HTML5.Build.0 = BuiltWithUnrealBuildTool|Win32
		{0F66F41B-803F-4514-B750-2ADEF2A4BF0A}.Development|Win32.ActiveCfg = BuiltWithUnrealBuildTool|Win32
		{0F66F41B-803F-4514-B750-2ADEF2A4BF0A}.Development|Win32.Build.0 = BuiltWithUnrealBuildTool|Win32
		{0F66F41B-803F-4514-B750-2ADEF2A4BF0A}.Development|Win64.ActiveCfg = BuiltWithUnrealBuildTool|Win32
		{0F66F41B-803F-4514-B750-2ADEF2A4BF0A}.Development|Win64.Build.0 = BuiltWithUnrealBuildTool|Win32
		{0F66F41B-803F-4514-B750-2ADEF2A4BF0A}.Shipping|HTML5.ActiveCfg = BuiltWithUnrealBuildTool|Win32
		{0F66F41B-803F-4514-B750-2ADEF2A4BF0A}.Shipping|HTML5.Build.0 = BuiltWithUnrealBuildTool|Win32
		{0F66F41B-803F-4514-B750-2ADEF2A4BF0A}.Shipping|Win32.ActiveCfg = BuiltWithUnrealBuildTool|Win32
		{0F66F41B-803F-4514-B750-2ADEF2A4BF0A}.Shipping|Win32.Build.0 = BuiltWithUnrealBuildTool|Win32
		{0F66F41B-803F-4514-B750-2ADEF2A4BF0A}.Shipping|Win64.ActiveCfg = BuiltWithUnrealBuildTool|Win32
		{0F66F41B-803F-4514-B750-2ADEF2A4BF0A}.Shipping|Win64.Build.0 = BuiltWithUnrealBuildTool|Win32
		{196FB92C-FB4A-4D55-B377-3E6CFC4A00EC}.DebugGame Editor|HTML5.ActiveCfg = HTML5_DebugGame_Editor|Win32
		{196FB92C-FB4A-4D55-B377-3E6CFC4A00EC}.DebugGame Editor|Win32.ActiveCfg = DebugGame_Editor|Win32
		{196FB92C-FB4A-4D55-B377-3E6CFC4A00EC}.DebugGame Editor|Win64.ActiveCfg = DebugGame_Editor|x64
		{196FB92C-FB4A-4D55-B377-3E6CFC4A00EC}.DebugGame Editor|Win64.Build.0 = DebugGame_Editor|x64
		{196FB92C-FB4A-4D55-B377-3E6CFC4A00EC}.DebugGame|HTML5.ActiveCfg = HTML5_DebugGame_Game|Win32
		{196FB92C-FB4A-4D55-B377-3E6CFC4A00EC}.DebugGame|HTML5.Build.0 = HTML5_DebugGame_Game|Win32
		{196FB92C-FB4A-4D55-B377-3E6CFC4A00EC}.DebugGame|Win32.ActiveCfg = DebugGame_Game|Win32
		{196FB92C-FB4A-4D55-B377-3E6CFC4A00EC}.DebugGame|Win32.Build.0 = DebugGame_Game|Win32
		{196FB92C-FB4A-4D55-B377-3E6CFC4A00EC}.DebugGame|Win64.ActiveCfg = DebugGame_Game|x64
		{196FB92C-FB4A-4D55-B377-3E6CFC4A00EC}.DebugGame|Win64.Build.0 = DebugGame_Game|x64
		{196FB92C-FB4A-4D55-B377-3E6CFC4A00EC}.Development Editor|HTML5.ActiveCfg = HTML5_Development_Editor|Win32
		{196FB92C-FB4A-4D55-B377-3E6CFC4A00EC}.Development Editor|Win32.ActiveCfg = Development_Editor|Win32
		{196FB92C-FB4A-4D55-B377-3E6CFC4A00EC}.Development Editor|Win64.ActiveCfg = Development_Editor|x64
		{196FB92C-FB4A-4D55-B377-3E6CFC4A00EC}.Development Editor|Win64.Build.0 = Development_Editor|x64
		{196FB92C-FB4A-4D55-B377-3E6CFC4A00EC}.Development|HTML5.ActiveCfg = HTML5_Development_Game|Win32
		{196FB92C-FB4A-4D55-B377-3E6CFC4A00EC}.Development|HTML5.Build.0 = HTML5_Development_Game|Win32
		{196FB92C-FB4A-4D55-B377-3E6CFC4A00EC}.Development|Win32.ActiveCfg = Development_Game|Win32
		{196FB92C-FB4A-4D55-B377-3E6CFC4A00EC}.Development|Win32.Build.0 = Development_Game|Win32
		{196FB92C-FB4A-4D55-B377-3E6CFC4A00EC}.Development|Win64.ActiveCfg = Development_Game|x64
		{196FB92C-FB4A-4D55-B377-3E6CFC4A00EC}.Development|Win64.Build.0 = Development_Game|x64
		{196FB92C-FB4A-4D55-B377-3E6CFC4A00EC}.Shipping|HTML5.ActiveCfg = HTML5_Shipping_Game|Win32
		{196FB92C-FB4A-4D55-B377-3E6CFC4A00EC}.Shipping|HTML5.Build.0 = HTML5_Shipping_Game|Win32
		{196FB92C-FB4A-4D55-B377-3E6CFC4A00EC}.Shipping|Win32.ActiveCfg = Shipping_Game|Win32
		{196FB92C-FB4A-4D55-B377-3E6CFC4A00EC}.Shipping|Win32.Build.0 = Shipping_Game|Win32
		{196FB92C-FB4A-4D55-B377-3E6CFC4A00EC}.Shipping|Win64.ActiveCfg = Shipping_Game|x64
		{196FB92C-FB4A-4D55-B377-3E6CFC4A00EC}.Shipping|Win64.Build.0 = Shipping_Game|x64
	EndGlobalSection
	GlobalSection(SolutionProperties) = preSolution
		HideSolutionNode = FALSE
	EndGlobalSection
	GlobalSection(NestedProjects) = preSolution
		{0F66F41B-803F-4514-B750-2ADEF2A4BF0A} = {6E33569D-AB72-471E-90F7-ACF1286B4796}
		{196FB92C-FB4A-4D55-B377-3E6CFC4A00EC} = {EACA54DF-B434-4D1D-9238-3392EE09E838}
	EndGlobalSection
	GlobalSection(ExtensibilityGlobals) = postSolution
		SolutionGuid = {E82A00FF-90B8-4116-B54E-86B251C9AAF8}
	EndGlobalSection
EndGlobal
